
Microsoft Visual Studio Solution File, Format Version 12.00
# Visual Studio 14
VisualStudioVersion = 14.0.22823.1
MinimumVisualStudioVersion = 10.0.40219.1
Project("{8BC9CEB8-8B4A-11D0-8D11-00A0C91BC942}") = "SecurityInteractiveScreen", "..\..\0xCCSecurity\Windows\SecurityInteractiveScreen\SecurityInteractiveScreen.vcxproj", "{9CE1EB32-E5D6-4F46-99C4-A9B38D1FC31D}"
EndProject
Project("{FAE04EC0-301F-11D3-BF4B-00C04F79EFBC}") = "0xCCService", "..\..\0xCCBackendLoader\Windows\0xCCService\0xCCService.csproj", "{46FECB63-A96A-4BE4-89DE-47FD1BB5D2B5}"
EndProject
Global
	GlobalSection(SolutionConfigurationPlatforms) = preSolution
		Debug|Any CPU = Debug|Any CPU
		Debug|x86 = Debug|x86
		Release|Any CPU = Release|Any CPU
		Release|x86 = Release|x86
	EndGlobalSection
	GlobalSection(ProjectConfigurationPlatforms) = postSolution
		{9CE1EB32-E5D6-4F46-99C4-A9B38D1FC31D}.Debug|Any CPU.ActiveCfg = Debug|Win32
		{9CE1EB32-E5D6-4F46-99C4-A9B38D1FC31D}.Debug|x86.ActiveCfg = Debug|Win32
		{9CE1EB32-E5D6-4F46-99C4-A9B38D1FC31D}.Debug|x86.Build.0 = Debug|Win32
		{9CE1EB32-E5D6-4F46-99C4-A9B38D1FC31D}.Release|Any CPU.ActiveCfg = Release|Win32
		{9CE1EB32-E5D6-4F46-99C4-A9B38D1FC31D}.Release|x86.ActiveCfg = Release|Win32
		{9CE1EB32-E5D6-4F46-99C4-A9B38D1FC31D}.Release|x86.Build.0 = Release|Win32
		{46FECB63-A96A-4BE4-89DE-47FD1BB5D2B5}.Debug|Any CPU.ActiveCfg = Debug|Any CPU
		{46FECB63-A96A-4BE4-89DE-47FD1BB5D2B5}.Debug|Any CPU.Build.0 = Debug|Any CPU
		{46FECB63-A96A-4BE4-89DE-47FD1BB5D2B5}.Debug|x86.ActiveCfg = Debug|Any CPU
		{46FECB63-A96A-4BE4-89DE-47FD1BB5D2B5}.Debug|x86.Build.0 = Debug|Any CPU
		{46FECB63-A96A-4BE4-89DE-47FD1BB5D2B5}.Release|Any CPU.ActiveCfg = Release|Any CPU
		{46FECB63-A96A-4BE4-89DE-47FD1BB5D2B5}.Release|Any CPU.Build.0 = Release|Any CPU
		{46FECB63-A96A-4BE4-89DE-47FD1BB5D2B5}.Release|x86.ActiveCfg = Release|Any CPU
		{46FECB63-A96A-4BE4-89DE-47FD1BB5D2B5}.Release|x86.Build.0 = Release|Any CPU
	EndGlobalSection
	GlobalSection(SolutionProperties) = preSolution
		HideSolutionNode = FALSE
	EndGlobalSection
EndGlobal
